
Microsoft Visual Studio Solution File, Format Version 12.00
# Visual Studio Version 17
VisualStudioVersion = 17.10.35122.118
MinimumVisualStudioVersion = 10.0.40219.1
Project("{FAE04EC0-301F-11D3-BF4B-00C04F79EFBC}") = "DemoEntityFrameworkCore", "DemoEntityFrameworkCore\DemoEntityFrameworkCore.csproj", "{678EACCB-AE7F-418E-9462-3AB38AC99D72}"
EndProject
Global
	GlobalSection(SolutionConfigurationPlatforms) = preSolution
		Debug|Any CPU = Debug|Any CPU
		Release|Any CPU = Release|Any CPU
	EndGlobalSection
	GlobalSection(ProjectConfigurationPlatforms) = postSolution
		{678EACCB-AE7F-418E-9462-3AB38AC99D72}.Debug|Any CPU.ActiveCfg = Debug|Any CPU
		{678EACCB-AE7F-418E-9462-3AB38AC99D72}.Debug|Any CPU.Build.0 = Debug|Any CPU
		{678EACCB-AE7F-418E-9462-3AB38AC99D72}.Release|Any CPU.ActiveCfg = Release|Any CPU
		{678EACCB-AE7F-418E-9462-3AB38AC99D72}.Release|Any CPU.Build.0 = Release|Any CPU
	EndGlobalSection
	GlobalSection(SolutionProperties) = preSolution
		HideSolutionNode = FALSE
	EndGlobalSection
	GlobalSection(ExtensibilityGlobals) = postSolution
		SolutionGuid = {ADA6E3C4-2207-436F-9C93-1E8DFC0E6338}
	EndGlobalSection
EndGlobal
